// !$*UTF8*$!
{
	archiveVersion = 1;
	classes = {
	};
	objectVersion = 46;
	objects = {

/* Begin PBXBuildFile section */
		274549D91AEC951900FBD283 /* main.m in Sources */ = {isa = PBXBuildFile; fileRef = 274549C41AEC8A3000FBD283 /* main.m */; };
		274549DA1AEC951900FBD283 /* IGApp.m in Sources */ = {isa = PBXBuildFile; fileRef = 274549D51AEC92AD00FBD283 /* IGApp.m */; };
		274549E31AECB70300FBD283 /* IGSettings.m in Sources */ = {isa = PBXBuildFile; fileRef = 274549E21AECB70300FBD283 /* IGSettings.m */; };
		274549E61AECCFFF00FBD283 /* IGIconGenerator.m in Sources */ = {isa = PBXBuildFile; fileRef = 274549E51AECCFFF00FBD283 /* IGIconGenerator.m */; };
		274549FB1AED2BF500FBD283 /* IGLogFileManager.m in Sources */ = {isa = PBXBuildFile; fileRef = 274549FA1AED2BF500FBD283 /* IGLogFileManager.m */; };
		274549FE1AED3AA000FBD283 /* IGLogFormatter.m in Sources */ = {isa = PBXBuildFile; fileRef = 274549FD1AED3AA000FBD283 /* IGLogFormatter.m */; };
		2CBAF15880BA0A7BA826595E /* libPods-IconGenerationHelper.a in Frameworks */ = {isa = PBXBuildFile; fileRef = B0B9C8A3EC18B50CF4755FC0 /* libPods-IconGenerationHelper.a */; };
/* End PBXBuildFile section */

/* Begin PBXCopyFilesBuildPhase section */
		274549DC1AEC951900FBD283 /* CopyFiles */ = {
			isa = PBXCopyFilesBuildPhase;
			buildActionMask = 2147483647;
			dstPath = /usr/share/man/man1/;
			dstSubfolderSpec = 0;
			files = (
			);
			runOnlyForDeploymentPostprocessing = 1;
		};
/* End PBXCopyFilesBuildPhase section */

/* Begin PBXFileReference section */
		274549C41AEC8A3000FBD283 /* main.m */ = {isa = PBXFileReference; lastKnownFileType = sourcecode.c.objc; path = main.m; sourceTree = "<group>"; };
		274549D41AEC92AD00FBD283 /* IGApp.h */ = {isa = PBXFileReference; fileEncoding = 4; lastKnownFileType = sourcecode.c.h; path = IGApp.h; sourceTree = "<group>"; };
		274549D51AEC92AD00FBD283 /* IGApp.m */ = {isa = PBXFileReference; fileEncoding = 4; lastKnownFileType = sourcecode.c.objc; path = IGApp.m; sourceTree = "<group>"; };
		274549E01AEC951900FBD283 /* IconGen */ = {isa = PBXFileReference; explicitFileType = "compiled.mach-o.executable"; includeInIndex = 0; path = IconGen; sourceTree = BUILT_PRODUCTS_DIR; };
		274549E11AECB70300FBD283 /* IGSettings.h */ = {isa = PBXFileReference; fileEncoding = 4; lastKnownFileType = sourcecode.c.h; path = IGSettings.h; sourceTree = "<group>"; };
		274549E21AECB70300FBD283 /* IGSettings.m */ = {isa = PBXFileReference; fileEncoding = 4; lastKnownFileType = sourcecode.c.objc; path = IGSettings.m; sourceTree = "<group>"; };
		274549E41AECCFFF00FBD283 /* IGIconGenerator.h */ = {isa = PBXFileReference; fileEncoding = 4; lastKnownFileType = sourcecode.c.h; path = IGIconGenerator.h; sourceTree = "<group>"; };
		274549E51AECCFFF00FBD283 /* IGIconGenerator.m */ = {isa = PBXFileReference; fileEncoding = 4; lastKnownFileType = sourcecode.c.objc; path = IGIconGenerator.m; sourceTree = "<group>"; };
		274549F71AECEDBF00FBD283 /* Info.plist */ = {isa = PBXFileReference; fileEncoding = 4; lastKnownFileType = text.plist.xml; path = Info.plist; sourceTree = "<group>"; };
		274549F91AED2BF500FBD283 /* IGLogFileManager.h */ = {isa = PBXFileReference; fileEncoding = 4; lastKnownFileType = sourcecode.c.h; path = IGLogFileManager.h; sourceTree = "<group>"; };
		274549FA1AED2BF500FBD283 /* IGLogFileManager.m */ = {isa = PBXFileReference; fileEncoding = 4; lastKnownFileType = sourcecode.c.objc; path = IGLogFileManager.m; sourceTree = "<group>"; };
		274549FC1AED3AA000FBD283 /* IGLogFormatter.h */ = {isa = PBXFileReference; fileEncoding = 4; lastKnownFileType = sourcecode.c.h; path = IGLogFormatter.h; sourceTree = "<group>"; };
		274549FD1AED3AA000FBD283 /* IGLogFormatter.m */ = {isa = PBXFileReference; fileEncoding = 4; lastKnownFileType = sourcecode.c.objc; path = IGLogFormatter.m; sourceTree = "<group>"; };
		2EB492F420091763B74B7C5E /* Pods-IconGenerationHelper.release.xcconfig */ = {isa = PBXFileReference; includeInIndex = 1; lastKnownFileType = text.xcconfig; name = "Pods-IconGenerationHelper.release.xcconfig"; path = "Pods/Target Support Files/Pods-IconGenerationHelper/Pods-IconGenerationHelper.release.xcconfig"; sourceTree = "<group>"; };
		B0B9C8A3EC18B50CF4755FC0 /* libPods-IconGenerationHelper.a */ = {isa = PBXFileReference; explicitFileType = archive.ar; includeInIndex = 0; path = "libPods-IconGenerationHelper.a"; sourceTree = BUILT_PRODUCTS_DIR; };
		C763398141E5782AB370A7D1 /* Pods-IconGenerationHelper.debug.xcconfig */ = {isa = PBXFileReference; includeInIndex = 1; lastKnownFileType = text.xcconfig; name = "Pods-IconGenerationHelper.debug.xcconfig"; path = "Pods/Target Support Files/Pods-IconGenerationHelper/Pods-IconGenerationHelper.debug.xcconfig"; sourceTree = "<group>"; };
/* End PBXFileReference section */

/* Begin PBXFrameworksBuildPhase section */
		274549DB1AEC951900FBD283 /* Frameworks */ = {
			isa = PBXFrameworksBuildPhase;
			buildActionMask = 2147483647;
			files = (
				2CBAF15880BA0A7BA826595E /* libPods-IconGenerationHelper.a in Frameworks */,
			);
			runOnlyForDeploymentPostprocessing = 0;
		};
/* End PBXFrameworksBuildPhase section */

/* Begin PBXGroup section */
		1689A2555CE09220F1E4995C /* Frameworks */ = {
			isa = PBXGroup;
			children = (
				B0B9C8A3EC18B50CF4755FC0 /* libPods-IconGenerationHelper.a */,
			);
			name = Frameworks;
			sourceTree = "<group>";
		};
		274549B81AEC8A3000FBD283 = {
			isa = PBXGroup;
			children = (
				274549C31AEC8A3000FBD283 /* IconGenerationHelper */,
				274549C21AEC8A3000FBD283 /* Products */,
				DCDC3AA7721A67981AE5BB12 /* Pods */,
				1689A2555CE09220F1E4995C /* Frameworks */,
			);
			sourceTree = "<group>";
		};
		274549C21AEC8A3000FBD283 /* Products */ = {
			isa = PBXGroup;
			children = (
				274549E01AEC951900FBD283 /* IconGen */,
			);
			name = Products;
			sourceTree = "<group>";
		};
		274549C31AEC8A3000FBD283 /* IconGenerationHelper */ = {
			isa = PBXGroup;
			children = (
				274549F71AECEDBF00FBD283 /* Info.plist */,
				274549D41AEC92AD00FBD283 /* IGApp.h */,
				274549D51AEC92AD00FBD283 /* IGApp.m */,
				274549C41AEC8A3000FBD283 /* main.m */,
				274549E11AECB70300FBD283 /* IGSettings.h */,
				274549E21AECB70300FBD283 /* IGSettings.m */,
				274549E41AECCFFF00FBD283 /* IGIconGenerator.h */,
				274549E51AECCFFF00FBD283 /* IGIconGenerator.m */,
				274549F91AED2BF500FBD283 /* IGLogFileManager.h */,
				274549FA1AED2BF500FBD283 /* IGLogFileManager.m */,
				274549FC1AED3AA000FBD283 /* IGLogFormatter.h */,
				274549FD1AED3AA000FBD283 /* IGLogFormatter.m */,
			);
			path = IconGenerationHelper;
			sourceTree = "<group>";
		};
		DCDC3AA7721A67981AE5BB12 /* Pods */ = {
			isa = PBXGroup;
			children = (
				C763398141E5782AB370A7D1 /* Pods-IconGenerationHelper.debug.xcconfig */,
				2EB492F420091763B74B7C5E /* Pods-IconGenerationHelper.release.xcconfig */,
			);
			name = Pods;
			sourceTree = "<group>";
		};
/* End PBXGroup section */

/* Begin PBXNativeTarget section */
		274549D71AEC951900FBD283 /* IconGenerationHelper */ = {
			isa = PBXNativeTarget;
			buildConfigurationList = 274549DD1AEC951900FBD283 /* Build configuration list for PBXNativeTarget "IconGenerationHelper" */;
			buildPhases = (
				C8A67F051EBB8D136675CC68 /* Check Pods Manifest.lock */,
				274549D81AEC951900FBD283 /* Sources */,
				274549DB1AEC951900FBD283 /* Frameworks */,
				274549DC1AEC951900FBD283 /* CopyFiles */,
				F3B92509E825FDF74E19450C /* Copy Pods Resources */,
				274549F81AECF4FB00FBD283 /* Increment Build Number Script */,
			);
			buildRules = (
			);
			dependencies = (
			);
			name = IconGenerationHelper;
			productName = IconGenerationHelper;
			productReference = 274549E01AEC951900FBD283 /* IconGen */;
			productType = "com.apple.product-type.tool";
		};
/* End PBXNativeTarget section */

/* Begin PBXProject section */
		274549B91AEC8A3000FBD283 /* Project object */ = {
			isa = PBXProject;
			attributes = {
				LastUpgradeCheck = 0630;
				ORGANIZATIONNAME = "Dean Jackson";
			};
			buildConfigurationList = 274549BC1AEC8A3000FBD283 /* Build configuration list for PBXProject "IconGenerationHelper" */;
			compatibilityVersion = "Xcode 3.2";
			developmentRegion = English;
			hasScannedForEncodings = 0;
			knownRegions = (
				en,
			);
			mainGroup = 274549B81AEC8A3000FBD283;
			productRefGroup = 274549C21AEC8A3000FBD283 /* Products */;
			projectDirPath = "";
			projectRoot = "";
			targets = (
				274549D71AEC951900FBD283 /* IconGenerationHelper */,
			);
		};
/* End PBXProject section */

/* Begin PBXShellScriptBuildPhase section */
		274549F81AECF4FB00FBD283 /* Increment Build Number Script */ = {
			isa = PBXShellScriptBuildPhase;
			buildActionMask = 2147483647;
			files = (
			);
			inputPaths = (
			);
			name = "Increment Build Number Script";
			outputPaths = (
			);
			runOnlyForDeploymentPostprocessing = 0;
			shellPath = /bin/bash;
			shellScript = "${PROJECT_DIR}/tools/bump_build_number.sh \"${PROJECT_DIR}/${INFOPLIST_FILE}\"\n";
		};
		C8A67F051EBB8D136675CC68 /* Check Pods Manifest.lock */ = {
			isa = PBXShellScriptBuildPhase;
			buildActionMask = 2147483647;
			files = (
			);
			inputPaths = (
			);
			name = "Check Pods Manifest.lock";
			outputPaths = (
			);
			runOnlyForDeploymentPostprocessing = 0;
			shellPath = /bin/sh;
			shellScript = "diff \"${PODS_ROOT}/../Podfile.lock\" \"${PODS_ROOT}/Manifest.lock\" > /dev/null\nif [[ $? != 0 ]] ; then\n    cat << EOM\nerror: The sandbox is not in sync with the Podfile.lock. Run 'pod install' or update your CocoaPods installation.\nEOM\n    exit 1\nfi\n";
			showEnvVarsInLog = 0;
		};
		F3B92509E825FDF74E19450C /* Copy Pods Resources */ = {
			isa = PBXShellScriptBuildPhase;
			buildActionMask = 2147483647;
			files = (
			);
			inputPaths = (
			);
			name = "Copy Pods Resources";
			outputPaths = (
			);
			runOnlyForDeploymentPostprocessing = 0;
			shellPath = /bin/sh;
			shellScript = "\"${SRCROOT}/Pods/Target Support Files/Pods-IconGenerationHelper/Pods-IconGenerationHelper-resources.sh\"\n";
			showEnvVarsInLog = 0;
		};
/* End PBXShellScriptBuildPhase section */

/* Begin PBXSourcesBuildPhase section */
		274549D81AEC951900FBD283 /* Sources */ = {
			isa = PBXSourcesBuildPhase;
			buildActionMask = 2147483647;
			files = (
				274549FB1AED2BF500FBD283 /* IGLogFileManager.m in Sources */,
				274549E61AECCFFF00FBD283 /* IGIconGenerator.m in Sources */,
				274549D91AEC951900FBD283 /* main.m in Sources */,
				274549FE1AED3AA000FBD283 /* IGLogFormatter.m in Sources */,
				274549E31AECB70300FBD283 /* IGSettings.m in Sources */,
				274549DA1AEC951900FBD283 /* IGApp.m in Sources */,
			);
			runOnlyForDeploymentPostprocessing = 0;
		};
/* End PBXSourcesBuildPhase section */

/* Begin XCBuildConfiguration section */
		274549C61AEC8A3000FBD283 /* Debug */ = {
			isa = XCBuildConfiguration;
			buildSettings = {
				ALWAYS_SEARCH_USER_PATHS = NO;
				CLANG_CXX_LANGUAGE_STANDARD = "gnu++0x";
				CLANG_CXX_LIBRARY = "libc++";
				CLANG_ENABLE_MODULES = YES;
				CLANG_ENABLE_OBJC_ARC = YES;
				CLANG_WARN_BOOL_CONVERSION = YES;
				CLANG_WARN_CONSTANT_CONVERSION = YES;
				CLANG_WARN_DIRECT_OBJC_ISA_USAGE = YES_ERROR;
				CLANG_WARN_EMPTY_BODY = YES;
				CLANG_WARN_ENUM_CONVERSION = YES;
				CLANG_WARN_INT_CONVERSION = YES;
				CLANG_WARN_OBJC_ROOT_CLASS = YES_ERROR;
				CLANG_WARN_UNREACHABLE_CODE = YES;
				CLANG_WARN__DUPLICATE_METHOD_MATCH = YES;
				COPY_PHASE_STRIP = NO;
				CURRENT_PROJECT_VERSION = 0.1;
				DEBUG_INFORMATION_FORMAT = dwarf;
				ENABLE_STRICT_OBJC_MSGSEND = YES;
				GCC_C_LANGUAGE_STANDARD = gnu99;
				GCC_DYNAMIC_NO_PIC = NO;
				GCC_NO_COMMON_BLOCKS = YES;
				GCC_OPTIMIZATION_LEVEL = 0;
				GCC_PREPROCESSOR_DEFINITIONS = (
					"DEBUG=1",
					"$(inherited)",
				);
				GCC_SYMBOLS_PRIVATE_EXTERN = NO;
				GCC_WARN_64_TO_32_BIT_CONVERSION = YES;
				GCC_WARN_ABOUT_RETURN_TYPE = YES_ERROR;
				GCC_WARN_UNDECLARED_SELECTOR = YES;
				GCC_WARN_UNINITIALIZED_AUTOS = YES_AGGRESSIVE;
				GCC_WARN_UNUSED_FUNCTION = YES;
				GCC_WARN_UNUSED_VARIABLE = YES;
				INFOPLIST_FILE = IconGenerationHelper/Info.plist;
				MACOSX_DEPLOYMENT_TARGET = 10.10;
				MTL_ENABLE_DEBUG_INFO = YES;
				ONLY_ACTIVE_ARCH = YES;
				OTHER_LDFLAGS = (
					"-sectcreate",
					__TEXT,
					__info_plist,
					IconGenerationHelper/Info.plist,
				);
				PRODUCT_NAME = IconGen;
				SDKROOT = macosx;
				VERSIONING_SYSTEM = "apple-generic";
			};
			name = Debug;
		};
		274549C71AEC8A3000FBD283 /* Release */ = {
			isa = XCBuildConfiguration;
			buildSettings = {
				ALWAYS_SEARCH_USER_PATHS = NO;
				CLANG_CXX_LANGUAGE_STANDARD = "gnu++0x";
				CLANG_CXX_LIBRARY = "libc++";
				CLANG_ENABLE_MODULES = YES;
				CLANG_ENABLE_OBJC_ARC = YES;
				CLANG_WARN_BOOL_CONVERSION = YES;
				CLANG_WARN_CONSTANT_CONVERSION = YES;
				CLANG_WARN_DIRECT_OBJC_ISA_USAGE = YES_ERROR;
				CLANG_WARN_EMPTY_BODY = YES;
				CLANG_WARN_ENUM_CONVERSION = YES;
				CLANG_WARN_INT_CONVERSION = YES;
				CLANG_WARN_OBJC_ROOT_CLASS = YES_ERROR;
				CLANG_WARN_UNREACHABLE_CODE = YES;
				CLANG_WARN__DUPLICATE_METHOD_MATCH = YES;
				COPY_PHASE_STRIP = NO;
				CURRENT_PROJECT_VERSION = 0.1;
				DEBUG_INFORMATION_FORMAT = "dwarf-with-dsym";
				ENABLE_NS_ASSERTIONS = NO;
				ENABLE_STRICT_OBJC_MSGSEND = YES;
				GCC_C_LANGUAGE_STANDARD = gnu99;
				GCC_NO_COMMON_BLOCKS = YES;
				GCC_WARN_64_TO_32_BIT_CONVERSION = YES;
				GCC_WARN_ABOUT_RETURN_TYPE = YES_ERROR;
				GCC_WARN_UNDECLARED_SELECTOR = YES;
				GCC_WARN_UNINITIALIZED_AUTOS = YES_AGGRESSIVE;
				GCC_WARN_UNUSED_FUNCTION = YES;
				GCC_WARN_UNUSED_VARIABLE = YES;
				INFOPLIST_FILE = IconGenerationHelper/Info.plist;
				MACOSX_DEPLOYMENT_TARGET = 10.10;
				MTL_ENABLE_DEBUG_INFO = NO;
				OTHER_LDFLAGS = (
					"-sectcreate",
					__TEXT,
					__info_plist,
					IconGenerationHelper/Info.plist,
				);
				PRODUCT_NAME = IconGen;
				SDKROOT = macosx;
				VERSIONING_SYSTEM = "apple-generic";
			};
			name = Release;
		};
		274549DE1AEC951900FBD283 /* Debug */ = {
			isa = XCBuildConfiguration;
			baseConfigurationReference = C763398141E5782AB370A7D1 /* Pods-IconGenerationHelper.debug.xcconfig */;
			buildSettings = {
				CURRENT_PROJECT_VERSION = "";
				INSTALL_PATH = /usr/local/bin;
				MACOSX_DEPLOYMENT_TARGET = 10.8;
				PRODUCT_NAME = IconGen;
				VERSIONING_SYSTEM = "";
			};
			name = Debug;
		};
		274549DF1AEC951900FBD283 /* Release */ = {
			isa = XCBuildConfiguration;
			baseConfigurationReference = 2EB492F420091763B74B7C5E /* Pods-IconGenerationHelper.release.xcconfig */;
			buildSettings = {
				CURRENT_PROJECT_VERSION = "";
				INSTALL_PATH = /usr/local/bin;
				MACOSX_DEPLOYMENT_TARGET = 10.8;
				PRODUCT_NAME = IconGen;
				VERSIONING_SYSTEM = "";
			};
			name = Release;
		};
/* End XCBuildConfiguration section */

/* Begin XCConfigurationList section */
		274549BC1AEC8A3000FBD283 /* Build configuration list for PBXProject "IconGenerationHelper" */ = {
			isa = XCConfigurationList;
			buildConfigurations = (
				274549C61AEC8A3000FBD283 /* Debug */,
				274549C71AEC8A3000FBD283 /* Release */,
			);
			defaultConfigurationIsVisible = 0;
			defaultConfigurationName = Release;
		};
		274549DD1AEC951900FBD283 /* Build configuration list for PBXNativeTarget "IconGenerationHelper" */ = {
			isa = XCConfigurationList;
			buildConfigurations = (
				274549DE1AEC951900FBD283 /* Debug */,
				274549DF1AEC951900FBD283 /* Release */,
			);
			defaultConfigurationIsVisible = 0;
			defaultConfigurationName = Release;
		};
/* End XCConfigurationList section */
	};
	rootObject = 274549B91AEC8A3000FBD283 /* Project object */;
}
