// !$*UTF8*$!
{
	archiveVersion = 1;
	classes = {
	};
	objectVersion = 46;
	objects = {

/* Begin PBXBuildFile section */
		27146AE11A0EA30600ACF586 /* main.m in Sources */ = {isa = PBXBuildFile; fileRef = 27146AE01A0EA30600ACF586 /* main.m */; };
		27146AE91A0EA69200ACF586 /* PreviewIcon.m in Sources */ = {isa = PBXBuildFile; fileRef = 27146AE81A0EA69200ACF586 /* PreviewIcon.m */; };
		27146AEC1A0EAEDC00ACF586 /* PreviewApp.m in Sources */ = {isa = PBXBuildFile; fileRef = 27146AEB1A0EAEDC00ACF586 /* PreviewApp.m */; };
		27146AF61A0ECC7800ACF586 /* GBCommandLineParser.m in Sources */ = {isa = PBXBuildFile; fileRef = 27146AEF1A0ECC7800ACF586 /* GBCommandLineParser.m */; };
		27146AF71A0ECC7800ACF586 /* GBOptionsHelper.m in Sources */ = {isa = PBXBuildFile; fileRef = 27146AF11A0ECC7800ACF586 /* GBOptionsHelper.m */; };
		27146AF81A0ECC7800ACF586 /* GBPrint.m in Sources */ = {isa = PBXBuildFile; fileRef = 27146AF31A0ECC7800ACF586 /* GBPrint.m */; };
		27146AF91A0ECC7800ACF586 /* GBSettings.m in Sources */ = {isa = PBXBuildFile; fileRef = 27146AF51A0ECC7800ACF586 /* GBSettings.m */; };
		27FFD3F11A0F7167002541EA /* GBSettingsAdditions.m in Sources */ = {isa = PBXBuildFile; fileRef = 27FFD3F01A0F7167002541EA /* GBSettingsAdditions.m */; };
		27FFD3F41A0F863E002541EA /* NSStringTSV.m in Sources */ = {isa = PBXBuildFile; fileRef = 27FFD3F31A0F863E002541EA /* NSStringTSV.m */; };
		27FFD3F71A0FA210002541EA /* CharacterDictionary.m in Sources */ = {isa = PBXBuildFile; fileRef = 27FFD3F61A0FA210002541EA /* CharacterDictionary.m */; };
/* End PBXBuildFile section */

/* Begin PBXCopyFilesBuildPhase section */
		27146ADB1A0EA30500ACF586 /* CopyFiles */ = {
			isa = PBXCopyFilesBuildPhase;
			buildActionMask = 2147483647;
			dstPath = /usr/share/man/man1/;
			dstSubfolderSpec = 0;
			files = (
			);
			runOnlyForDeploymentPostprocessing = 1;
		};
/* End PBXCopyFilesBuildPhase section */

/* Begin PBXFileReference section */
		27146ADD1A0EA30500ACF586 /* UnicodeImageGen */ = {isa = PBXFileReference; explicitFileType = "compiled.mach-o.executable"; includeInIndex = 0; path = UnicodeImageGen; sourceTree = BUILT_PRODUCTS_DIR; };
		27146AE01A0EA30600ACF586 /* main.m */ = {isa = PBXFileReference; lastKnownFileType = sourcecode.c.objc; path = main.m; sourceTree = "<group>"; };
		27146AE71A0EA69200ACF586 /* PreviewIcon.h */ = {isa = PBXFileReference; fileEncoding = 4; lastKnownFileType = sourcecode.c.h; path = PreviewIcon.h; sourceTree = "<group>"; };
		27146AE81A0EA69200ACF586 /* PreviewIcon.m */ = {isa = PBXFileReference; fileEncoding = 4; lastKnownFileType = sourcecode.c.objc; path = PreviewIcon.m; sourceTree = "<group>"; };
		27146AEA1A0EAEDC00ACF586 /* PreviewApp.h */ = {isa = PBXFileReference; fileEncoding = 4; lastKnownFileType = sourcecode.c.h; path = PreviewApp.h; sourceTree = "<group>"; };
		27146AEB1A0EAEDC00ACF586 /* PreviewApp.m */ = {isa = PBXFileReference; fileEncoding = 4; lastKnownFileType = sourcecode.c.objc; path = PreviewApp.m; sourceTree = "<group>"; };
		27146AED1A0ECC7800ACF586 /* GBCli.h */ = {isa = PBXFileReference; fileEncoding = 4; lastKnownFileType = sourcecode.c.h; path = GBCli.h; sourceTree = "<group>"; };
		27146AEE1A0ECC7800ACF586 /* GBCommandLineParser.h */ = {isa = PBXFileReference; fileEncoding = 4; lastKnownFileType = sourcecode.c.h; path = GBCommandLineParser.h; sourceTree = "<group>"; };
		27146AEF1A0ECC7800ACF586 /* GBCommandLineParser.m */ = {isa = PBXFileReference; fileEncoding = 4; lastKnownFileType = sourcecode.c.objc; path = GBCommandLineParser.m; sourceTree = "<group>"; };
		27146AF01A0ECC7800ACF586 /* GBOptionsHelper.h */ = {isa = PBXFileReference; fileEncoding = 4; lastKnownFileType = sourcecode.c.h; path = GBOptionsHelper.h; sourceTree = "<group>"; };
		27146AF11A0ECC7800ACF586 /* GBOptionsHelper.m */ = {isa = PBXFileReference; fileEncoding = 4; lastKnownFileType = sourcecode.c.objc; path = GBOptionsHelper.m; sourceTree = "<group>"; };
		27146AF21A0ECC7800ACF586 /* GBPrint.h */ = {isa = PBXFileReference; fileEncoding = 4; lastKnownFileType = sourcecode.c.h; path = GBPrint.h; sourceTree = "<group>"; };
		27146AF31A0ECC7800ACF586 /* GBPrint.m */ = {isa = PBXFileReference; fileEncoding = 4; lastKnownFileType = sourcecode.c.objc; path = GBPrint.m; sourceTree = "<group>"; };
		27146AF41A0ECC7800ACF586 /* GBSettings.h */ = {isa = PBXFileReference; fileEncoding = 4; lastKnownFileType = sourcecode.c.h; path = GBSettings.h; sourceTree = "<group>"; };
		27146AF51A0ECC7800ACF586 /* GBSettings.m */ = {isa = PBXFileReference; fileEncoding = 4; lastKnownFileType = sourcecode.c.objc; path = GBSettings.m; sourceTree = "<group>"; };
		27FFD3EF1A0F7167002541EA /* GBSettingsAdditions.h */ = {isa = PBXFileReference; fileEncoding = 4; lastKnownFileType = sourcecode.c.h; path = GBSettingsAdditions.h; sourceTree = "<group>"; };
		27FFD3F01A0F7167002541EA /* GBSettingsAdditions.m */ = {isa = PBXFileReference; fileEncoding = 4; lastKnownFileType = sourcecode.c.objc; path = GBSettingsAdditions.m; sourceTree = "<group>"; };
		27FFD3F21A0F863E002541EA /* NSStringTSV.h */ = {isa = PBXFileReference; fileEncoding = 4; lastKnownFileType = sourcecode.c.h; path = NSStringTSV.h; sourceTree = "<group>"; };
		27FFD3F31A0F863E002541EA /* NSStringTSV.m */ = {isa = PBXFileReference; fileEncoding = 4; lastKnownFileType = sourcecode.c.objc; path = NSStringTSV.m; sourceTree = "<group>"; };
		27FFD3F51A0FA210002541EA /* CharacterDictionary.h */ = {isa = PBXFileReference; fileEncoding = 4; lastKnownFileType = sourcecode.c.h; path = CharacterDictionary.h; sourceTree = "<group>"; };
		27FFD3F61A0FA210002541EA /* CharacterDictionary.m */ = {isa = PBXFileReference; fileEncoding = 4; lastKnownFileType = sourcecode.c.objc; path = CharacterDictionary.m; sourceTree = "<group>"; };
/* End PBXFileReference section */

/* Begin PBXFrameworksBuildPhase section */
		27146ADA1A0EA30500ACF586 /* Frameworks */ = {
			isa = PBXFrameworksBuildPhase;
			buildActionMask = 2147483647;
			files = (
			);
			runOnlyForDeploymentPostprocessing = 0;
		};
/* End PBXFrameworksBuildPhase section */

/* Begin PBXGroup section */
		27146AD41A0EA30300ACF586 = {
			isa = PBXGroup;
			children = (
				27146ADF1A0EA30600ACF586 /* UnicodeImageGen */,
				27146ADE1A0EA30500ACF586 /* Products */,
			);
			sourceTree = "<group>";
		};
		27146ADE1A0EA30500ACF586 /* Products */ = {
			isa = PBXGroup;
			children = (
				27146ADD1A0EA30500ACF586 /* UnicodeImageGen */,
			);
			name = Products;
			sourceTree = "<group>";
		};
		27146ADF1A0EA30600ACF586 /* UnicodeImageGen */ = {
			isa = PBXGroup;
			children = (
				27146AFA1A0ECCA400ACF586 /* GBCli */,
				27146AE01A0EA30600ACF586 /* main.m */,
				27146AEA1A0EAEDC00ACF586 /* PreviewApp.h */,
				27146AEB1A0EAEDC00ACF586 /* PreviewApp.m */,
				27146AE71A0EA69200ACF586 /* PreviewIcon.h */,
				27146AE81A0EA69200ACF586 /* PreviewIcon.m */,
				27FFD3EF1A0F7167002541EA /* GBSettingsAdditions.h */,
				27FFD3F01A0F7167002541EA /* GBSettingsAdditions.m */,
				27FFD3F21A0F863E002541EA /* NSStringTSV.h */,
				27FFD3F31A0F863E002541EA /* NSStringTSV.m */,
				27FFD3F51A0FA210002541EA /* CharacterDictionary.h */,
				27FFD3F61A0FA210002541EA /* CharacterDictionary.m */,
			);
			path = UnicodeImageGen;
			sourceTree = "<group>";
		};
		27146AFA1A0ECCA400ACF586 /* GBCli */ = {
			isa = PBXGroup;
			children = (
				27146AED1A0ECC7800ACF586 /* GBCli.h */,
				27146AEE1A0ECC7800ACF586 /* GBCommandLineParser.h */,
				27146AEF1A0ECC7800ACF586 /* GBCommandLineParser.m */,
				27146AF01A0ECC7800ACF586 /* GBOptionsHelper.h */,
				27146AF11A0ECC7800ACF586 /* GBOptionsHelper.m */,
				27146AF21A0ECC7800ACF586 /* GBPrint.h */,
				27146AF31A0ECC7800ACF586 /* GBPrint.m */,
				27146AF41A0ECC7800ACF586 /* GBSettings.h */,
				27146AF51A0ECC7800ACF586 /* GBSettings.m */,
			);
			name = GBCli;
			sourceTree = "<group>";
		};
/* End PBXGroup section */

/* Begin PBXNativeTarget section */
		27146ADC1A0EA30500ACF586 /* UnicodeImageGen */ = {
			isa = PBXNativeTarget;
			buildConfigurationList = 27146AE41A0EA30600ACF586 /* Build configuration list for PBXNativeTarget "UnicodeImageGen" */;
			buildPhases = (
				27146AD91A0EA30500ACF586 /* Sources */,
				27146ADA1A0EA30500ACF586 /* Frameworks */,
				27146ADB1A0EA30500ACF586 /* CopyFiles */,
			);
			buildRules = (
			);
			dependencies = (
			);
			name = UnicodeImageGen;
			productName = UnicodeImageGen;
			productReference = 27146ADD1A0EA30500ACF586 /* UnicodeImageGen */;
			productType = "com.apple.product-type.tool";
		};
/* End PBXNativeTarget section */

/* Begin PBXProject section */
		27146AD51A0EA30300ACF586 /* Project object */ = {
			isa = PBXProject;
			attributes = {
				LastUpgradeCheck = 0610;
				ORGANIZATIONNAME = "Dean Jackson";
				TargetAttributes = {
					27146ADC1A0EA30500ACF586 = {
						CreatedOnToolsVersion = 6.1;
					};
				};
			};
			buildConfigurationList = 27146AD81A0EA30300ACF586 /* Build configuration list for PBXProject "UnicodeImageGen" */;
			compatibilityVersion = "Xcode 3.2";
			developmentRegion = English;
			hasScannedForEncodings = 0;
			knownRegions = (
				en,
			);
			mainGroup = 27146AD41A0EA30300ACF586;
			productRefGroup = 27146ADE1A0EA30500ACF586 /* Products */;
			projectDirPath = "";
			projectRoot = "";
			targets = (
				27146ADC1A0EA30500ACF586 /* UnicodeImageGen */,
			);
		};
/* End PBXProject section */

/* Begin PBXSourcesBuildPhase section */
		27146AD91A0EA30500ACF586 /* Sources */ = {
			isa = PBXSourcesBuildPhase;
			buildActionMask = 2147483647;
			files = (
				27146AF81A0ECC7800ACF586 /* GBPrint.m in Sources */,
				27FFD3F41A0F863E002541EA /* NSStringTSV.m in Sources */,
				27FFD3F11A0F7167002541EA /* GBSettingsAdditions.m in Sources */,
				27FFD3F71A0FA210002541EA /* CharacterDictionary.m in Sources */,
				27146AF91A0ECC7800ACF586 /* GBSettings.m in Sources */,
				27146AEC1A0EAEDC00ACF586 /* PreviewApp.m in Sources */,
				27146AF61A0ECC7800ACF586 /* GBCommandLineParser.m in Sources */,
				27146AE11A0EA30600ACF586 /* main.m in Sources */,
				27146AE91A0EA69200ACF586 /* PreviewIcon.m in Sources */,
				27146AF71A0ECC7800ACF586 /* GBOptionsHelper.m in Sources */,
			);
			runOnlyForDeploymentPostprocessing = 0;
		};
/* End PBXSourcesBuildPhase section */

/* Begin XCBuildConfiguration section */
		27146AE21A0EA30600ACF586 /* Debug */ = {
			isa = XCBuildConfiguration;
			buildSettings = {
				ALWAYS_SEARCH_USER_PATHS = NO;
				CLANG_CXX_LANGUAGE_STANDARD = "gnu++0x";
				CLANG_CXX_LIBRARY = "libc++";
				CLANG_ENABLE_MODULES = YES;
				CLANG_ENABLE_OBJC_ARC = YES;
				CLANG_WARN_BOOL_CONVERSION = YES;
				CLANG_WARN_CONSTANT_CONVERSION = YES;
				CLANG_WARN_DIRECT_OBJC_ISA_USAGE = YES_ERROR;
				CLANG_WARN_EMPTY_BODY = YES;
				CLANG_WARN_ENUM_CONVERSION = YES;
				CLANG_WARN_INT_CONVERSION = YES;
				CLANG_WARN_OBJC_ROOT_CLASS = YES_ERROR;
				CLANG_WARN_UNREACHABLE_CODE = YES;
				CLANG_WARN__DUPLICATE_METHOD_MATCH = YES;
				COPY_PHASE_STRIP = NO;
				ENABLE_STRICT_OBJC_MSGSEND = YES;
				GCC_C_LANGUAGE_STANDARD = gnu99;
				GCC_DYNAMIC_NO_PIC = NO;
				GCC_OPTIMIZATION_LEVEL = 0;
				GCC_PREPROCESSOR_DEFINITIONS = (
					"DEBUG=1",
					"$(inherited)",
				);
				GCC_SYMBOLS_PRIVATE_EXTERN = NO;
				GCC_WARN_64_TO_32_BIT_CONVERSION = YES;
				GCC_WARN_ABOUT_RETURN_TYPE = YES_ERROR;
				GCC_WARN_UNDECLARED_SELECTOR = YES;
				GCC_WARN_UNINITIALIZED_AUTOS = YES_AGGRESSIVE;
				GCC_WARN_UNUSED_FUNCTION = YES;
				GCC_WARN_UNUSED_VARIABLE = YES;
				INSTALL_PATH = "";
				MACOSX_DEPLOYMENT_TARGET = 10.10;
				MTL_ENABLE_DEBUG_INFO = YES;
				ONLY_ACTIVE_ARCH = YES;
				SDKROOT = macosx;
			};
			name = Debug;
		};
		27146AE31A0EA30600ACF586 /* Release */ = {
			isa = XCBuildConfiguration;
			buildSettings = {
				ALWAYS_SEARCH_USER_PATHS = NO;
				CLANG_CXX_LANGUAGE_STANDARD = "gnu++0x";
				CLANG_CXX_LIBRARY = "libc++";
				CLANG_ENABLE_MODULES = YES;
				CLANG_ENABLE_OBJC_ARC = YES;
				CLANG_WARN_BOOL_CONVERSION = YES;
				CLANG_WARN_CONSTANT_CONVERSION = YES;
				CLANG_WARN_DIRECT_OBJC_ISA_USAGE = YES_ERROR;
				CLANG_WARN_EMPTY_BODY = YES;
				CLANG_WARN_ENUM_CONVERSION = YES;
				CLANG_WARN_INT_CONVERSION = YES;
				CLANG_WARN_OBJC_ROOT_CLASS = YES_ERROR;
				CLANG_WARN_UNREACHABLE_CODE = YES;
				CLANG_WARN__DUPLICATE_METHOD_MATCH = YES;
				COPY_PHASE_STRIP = YES;
				DEBUG_INFORMATION_FORMAT = "dwarf-with-dsym";
				ENABLE_NS_ASSERTIONS = NO;
				ENABLE_STRICT_OBJC_MSGSEND = YES;
				GCC_C_LANGUAGE_STANDARD = gnu99;
				GCC_WARN_64_TO_32_BIT_CONVERSION = YES;
				GCC_WARN_ABOUT_RETURN_TYPE = YES_ERROR;
				GCC_WARN_UNDECLARED_SELECTOR = YES;
				GCC_WARN_UNINITIALIZED_AUTOS = YES_AGGRESSIVE;
				GCC_WARN_UNUSED_FUNCTION = YES;
				GCC_WARN_UNUSED_VARIABLE = YES;
				INSTALL_PATH = "";
				MACOSX_DEPLOYMENT_TARGET = 10.10;
				MTL_ENABLE_DEBUG_INFO = NO;
				SDKROOT = macosx;
			};
			name = Release;
		};
		27146AE51A0EA30600ACF586 /* Debug */ = {
			isa = XCBuildConfiguration;
			buildSettings = {
				PRODUCT_NAME = "$(TARGET_NAME)";
			};
			name = Debug;
		};
		27146AE61A0EA30600ACF586 /* Release */ = {
			isa = XCBuildConfiguration;
			buildSettings = {
				PRODUCT_NAME = "$(TARGET_NAME)";
			};
			name = Release;
		};
/* End XCBuildConfiguration section */

/* Begin XCConfigurationList section */
		27146AD81A0EA30300ACF586 /* Build configuration list for PBXProject "UnicodeImageGen" */ = {
			isa = XCConfigurationList;
			buildConfigurations = (
				27146AE21A0EA30600ACF586 /* Debug */,
				27146AE31A0EA30600ACF586 /* Release */,
			);
			defaultConfigurationIsVisible = 0;
			defaultConfigurationName = Release;
		};
		27146AE41A0EA30600ACF586 /* Build configuration list for PBXNativeTarget "UnicodeImageGen" */ = {
			isa = XCConfigurationList;
			buildConfigurations = (
				27146AE51A0EA30600ACF586 /* Debug */,
				27146AE61A0EA30600ACF586 /* Release */,
			);
			defaultConfigurationIsVisible = 0;
			defaultConfigurationName = Release;
		};
/* End XCConfigurationList section */
	};
	rootObject = 27146AD51A0EA30300ACF586 /* Project object */;
}
